
Microsoft Visual Studio Solution File, Format Version 12.00
# Visual Studio 15
VisualStudioVersion = 15.0.27703.2000
MinimumVisualStudioVersion = 10.0.40219.1
Project("{FAE04EC0-301F-11D3-BF4B-00C04F79EFBC}") = "ArcFaceClient", "ArcFace\ArcFaceClient.csproj", "{01680204-7D7F-4AFB-ACD8-1D1A403DA39D}"
EndProject
Project("{FAE04EC0-301F-11D3-BF4B-00C04F79EFBC}") = "ArcFace.Core", "ArcFace.Core\ArcFace.Core.csproj", "{8A8145F4-5374-4D3A-95EA-4777FBCE499E}"
EndProject
Project("{FAE04EC0-301F-11D3-BF4B-00C04F79EFBC}") = "ArcFaceDemo", "ArcFaceDemo\ArcFaceDemo.csproj", "{2C5C66D9-6E91-4BC4-8D39-18CBEB880ACD}"
EndProject
Project("{FAE04EC0-301F-11D3-BF4B-00C04F79EFBC}") = "ArcApi", "ArcApi\ArcApi.csproj", "{82EAF21C-2B67-40F0-BCE0-58D95AF48BE4}"
EndProject
Global
	GlobalSection(SolutionConfigurationPlatforms) = preSolution
		Debug|Any CPU = Debug|Any CPU
		Release|Any CPU = Release|Any CPU
	EndGlobalSection
	GlobalSection(ProjectConfigurationPlatforms) = postSolution
		{01680204-7D7F-4AFB-ACD8-1D1A403DA39D}.Debug|Any CPU.ActiveCfg = Debug|Any CPU
		{01680204-7D7F-4AFB-ACD8-1D1A403DA39D}.Debug|Any CPU.Build.0 = Debug|Any CPU
		{01680204-7D7F-4AFB-ACD8-1D1A403DA39D}.Release|Any CPU.ActiveCfg = Release|Any CPU
		{01680204-7D7F-4AFB-ACD8-1D1A403DA39D}.Release|Any CPU.Build.0 = Release|Any CPU
		{8A8145F4-5374-4D3A-95EA-4777FBCE499E}.Debug|Any CPU.ActiveCfg = Debug|Any CPU
		{8A8145F4-5374-4D3A-95EA-4777FBCE499E}.Debug|Any CPU.Build.0 = Debug|Any CPU
		{8A8145F4-5374-4D3A-95EA-4777FBCE499E}.Release|Any CPU.ActiveCfg = Release|Any CPU
		{8A8145F4-5374-4D3A-95EA-4777FBCE499E}.Release|Any CPU.Build.0 = Release|Any CPU
		{2C5C66D9-6E91-4BC4-8D39-18CBEB880ACD}.Debug|Any CPU.ActiveCfg = Debug|Any CPU
		{2C5C66D9-6E91-4BC4-8D39-18CBEB880ACD}.Debug|Any CPU.Build.0 = Debug|Any CPU
		{2C5C66D9-6E91-4BC4-8D39-18CBEB880ACD}.Release|Any CPU.ActiveCfg = Release|Any CPU
		{2C5C66D9-6E91-4BC4-8D39-18CBEB880ACD}.Release|Any CPU.Build.0 = Release|Any CPU
		{82EAF21C-2B67-40F0-BCE0-58D95AF48BE4}.Debug|Any CPU.ActiveCfg = Debug|Any CPU
		{82EAF21C-2B67-40F0-BCE0-58D95AF48BE4}.Debug|Any CPU.Build.0 = Debug|Any CPU
		{82EAF21C-2B67-40F0-BCE0-58D95AF48BE4}.Release|Any CPU.ActiveCfg = Release|Any CPU
		{82EAF21C-2B67-40F0-BCE0-58D95AF48BE4}.Release|Any CPU.Build.0 = Release|Any CPU
	EndGlobalSection
	GlobalSection(SolutionProperties) = preSolution
		HideSolutionNode = FALSE
	EndGlobalSection
	GlobalSection(ExtensibilityGlobals) = postSolution
		SolutionGuid = {DDAB53F4-04CA-4076-AA24-E9D75323A3CF}
	EndGlobalSection
EndGlobal
