
Microsoft Visual Studio Solution File, Format Version 12.00
# Visual Studio 15
VisualStudioVersion = 15.0.27703.2035
MinimumVisualStudioVersion = 10.0.40219.1
Project("{FAE04EC0-301F-11D3-BF4B-00C04F79EFBC}") = "ArcApi", "ArcApi.csproj", "{82EAF21C-2B67-40F0-BCE0-58D95AF48BE4}"
EndProject
Global
	GlobalSection(SolutionConfigurationPlatforms) = preSolution
		Debug|Any CPU = Debug|Any CPU
		Release|Any CPU = Release|Any CPU
	EndGlobalSection
	GlobalSection(ProjectConfigurationPlatforms) = postSolution
		{82EAF21C-2B67-40F0-BCE0-58D95AF48BE4}.Debug|Any CPU.ActiveCfg = Debug|Any CPU
		{82EAF21C-2B67-40F0-BCE0-58D95AF48BE4}.Debug|Any CPU.Build.0 = Debug|Any CPU
		{82EAF21C-2B67-40F0-BCE0-58D95AF48BE4}.Release|Any CPU.ActiveCfg = Release|Any CPU
		{82EAF21C-2B67-40F0-BCE0-58D95AF48BE4}.Release|Any CPU.Build.0 = Release|Any CPU
	EndGlobalSection
	GlobalSection(SolutionProperties) = preSolution
		HideSolutionNode = FALSE
	EndGlobalSection
	GlobalSection(ExtensibilityGlobals) = postSolution
		SolutionGuid = {DFF4F56F-2227-4B73-BA41-CC01325DA4E3}
	EndGlobalSection
EndGlobal
